
Microsoft Visual Studio Solution File, Format Version 12.00
# Visual Studio Version 16
VisualStudioVersion = 16.0.29911.84
MinimumVisualStudioVersion = 10.0.40219.1
Project("{9A19103F-16F7-4668-BE54-9A1E7A4F7556}") = "AdvertApi", "AdvertApi\AdvertApi.csproj", "{794D5054-34E8-4826-A691-988AD47D79E2}"
EndProject
Project("{FAE04EC0-301F-11D3-BF4B-00C04F79EFBC}") = "AdvertApiTests", "AdvertApiTests\AdvertApiTests.csproj", "{C6E48301-FB86-4E89-AA0E-9AFD409E65D1}"
EndProject
Global
	GlobalSection(SolutionConfigurationPlatforms) = preSolution
		Debug|Any CPU = Debug|Any CPU
		Release|Any CPU = Release|Any CPU
	EndGlobalSection
	GlobalSection(ProjectConfigurationPlatforms) = postSolution
		{794D5054-34E8-4826-A691-988AD47D79E2}.Debug|Any CPU.ActiveCfg = Debug|Any CPU
		{794D5054-34E8-4826-A691-988AD47D79E2}.Debug|Any CPU.Build.0 = Debug|Any CPU
		{794D5054-34E8-4826-A691-988AD47D79E2}.Release|Any CPU.ActiveCfg = Release|Any CPU
		{794D5054-34E8-4826-A691-988AD47D79E2}.Release|Any CPU.Build.0 = Release|Any CPU
		{C6E48301-FB86-4E89-AA0E-9AFD409E65D1}.Debug|Any CPU.ActiveCfg = Debug|Any CPU
		{C6E48301-FB86-4E89-AA0E-9AFD409E65D1}.Debug|Any CPU.Build.0 = Debug|Any CPU
		{C6E48301-FB86-4E89-AA0E-9AFD409E65D1}.Release|Any CPU.ActiveCfg = Release|Any CPU
		{C6E48301-FB86-4E89-AA0E-9AFD409E65D1}.Release|Any CPU.Build.0 = Release|Any CPU
	EndGlobalSection
	GlobalSection(SolutionProperties) = preSolution
		HideSolutionNode = FALSE
	EndGlobalSection
	GlobalSection(ExtensibilityGlobals) = postSolution
		SolutionGuid = {2ECA9E3A-31C4-49B0-879D-C007B9BA6071}
	EndGlobalSection
EndGlobal
